
Microsoft Visual Studio Solution File, Format Version 12.00
# Visual Studio Version 16
VisualStudioVersion = 16.0.30907.101
MinimumVisualStudioVersion = 10.0.40219.1
Project("{FAE04EC0-301F-11D3-BF4B-00C04F79EFBC}") = "DelliItalia_Razor", "DelliItalia_Razor.csproj", "{545D9114-7DCF-4CFC-9B65-8F5636726322}"
EndProject
Global
	GlobalSection(SolutionConfigurationPlatforms) = preSolution
		Debug|Any CPU = Debug|Any CPU
		Release|Any CPU = Release|Any CPU
	EndGlobalSection
	GlobalSection(ProjectConfigurationPlatforms) = postSolution
		{545D9114-7DCF-4CFC-9B65-8F5636726322}.Debug|Any CPU.ActiveCfg = Debug|Any CPU
		{545D9114-7DCF-4CFC-9B65-8F5636726322}.Debug|Any CPU.Build.0 = Debug|Any CPU
		{545D9114-7DCF-4CFC-9B65-8F5636726322}.Release|Any CPU.ActiveCfg = Release|Any CPU
		{545D9114-7DCF-4CFC-9B65-8F5636726322}.Release|Any CPU.Build.0 = Release|Any CPU
	EndGlobalSection
	GlobalSection(SolutionProperties) = preSolution
		HideSolutionNode = FALSE
	EndGlobalSection
	GlobalSection(ExtensibilityGlobals) = postSolution
		SolutionGuid = {4DC6F46F-6B6E-43C6-83CF-166EBA42F0DB}
	EndGlobalSection
EndGlobal
